
Microsoft Visual Studio Solution File, Format Version 12.00
# Visual Studio Version 16
VisualStudioVersion = 16.0.30517.126
MinimumVisualStudioVersion = 10.0.40219.1
Project("{FAE04EC0-301F-11D3-BF4B-00C04F79EFBC}") = "homework2", "homework2\homework2.csproj", "{C8BAEDDC-152F-4F86-A1F3-E43F2637BF24}"
EndProject
Global
	GlobalSection(SolutionConfigurationPlatforms) = preSolution
		Debug|Any CPU = Debug|Any CPU
		Release|Any CPU = Release|Any CPU
	EndGlobalSection
	GlobalSection(ProjectConfigurationPlatforms) = postSolution
		{C8BAEDDC-152F-4F86-A1F3-E43F2637BF24}.Debug|Any CPU.ActiveCfg = Debug|Any CPU
		{C8BAEDDC-152F-4F86-A1F3-E43F2637BF24}.Debug|Any CPU.Build.0 = Debug|Any CPU
		{C8BAEDDC-152F-4F86-A1F3-E43F2637BF24}.Release|Any CPU.ActiveCfg = Release|Any CPU
		{C8BAEDDC-152F-4F86-A1F3-E43F2637BF24}.Release|Any CPU.Build.0 = Release|Any CPU
	EndGlobalSection
	GlobalSection(SolutionProperties) = preSolution
		HideSolutionNode = FALSE
	EndGlobalSection
	GlobalSection(ExtensibilityGlobals) = postSolution
		SolutionGuid = {638169DF-E070-4BBF-830F-495D1EB1F65E}
	EndGlobalSection
EndGlobal
